
Microsoft Visual Studio Solution File, Format Version 12.00
# Visual Studio Version 16
VisualStudioVersion = 16.0.31613.86
MinimumVisualStudioVersion = 10.0.40219.1
Project("{FAE04EC0-301F-11D3-BF4B-00C04F79EFBC}") = "ProjetoUninove", "ProjetoUninove\ProjetoUninove.csproj", "{6037C1DA-5D03-4FB8-85B1-046E7C6CF60A}"
EndProject
Global
	GlobalSection(SolutionConfigurationPlatforms) = preSolution
		Debug|Any CPU = Debug|Any CPU
		Release|Any CPU = Release|Any CPU
	EndGlobalSection
	GlobalSection(ProjectConfigurationPlatforms) = postSolution
		{6037C1DA-5D03-4FB8-85B1-046E7C6CF60A}.Debug|Any CPU.ActiveCfg = Debug|Any CPU
		{6037C1DA-5D03-4FB8-85B1-046E7C6CF60A}.Debug|Any CPU.Build.0 = Debug|Any CPU
		{6037C1DA-5D03-4FB8-85B1-046E7C6CF60A}.Release|Any CPU.ActiveCfg = Release|Any CPU
		{6037C1DA-5D03-4FB8-85B1-046E7C6CF60A}.Release|Any CPU.Build.0 = Release|Any CPU
	EndGlobalSection
	GlobalSection(SolutionProperties) = preSolution
		HideSolutionNode = FALSE
	EndGlobalSection
	GlobalSection(ExtensibilityGlobals) = postSolution
		SolutionGuid = {A1700CA1-9A1D-4F67-9E3A-348E5169A6EF}
	EndGlobalSection
EndGlobal
